// !$*UTF8*$!
{
	archiveVersion = 1;
	classes = {
	};
	objectVersion = 46;
	objects = {

/* Begin PBXBuildFile section */
		D7AF32D81D817D91006D09DF /* AppDelegate.swift in Sources */ = {isa = PBXBuildFile; fileRef = D7AF32D71D817D91006D09DF /* AppDelegate.swift */; };
		D7AF32DA1D817D91006D09DF /* ViewController.swift in Sources */ = {isa = PBXBuildFile; fileRef = D7AF32D91D817D91006D09DF /* ViewController.swift */; };
		D7AF32DD1D817D91006D09DF /* Main.storyboard in Resources */ = {isa = PBXBuildFile; fileRef = D7AF32DB1D817D91006D09DF /* Main.storyboard */; };
		D7AF32DF1D817D91006D09DF /* Assets.xcassets in Resources */ = {isa = PBXBuildFile; fileRef = D7AF32DE1D817D91006D09DF /* Assets.xcassets */; };
		D7AF32E21D817D91006D09DF /* LaunchScreen.storyboard in Resources */ = {isa = PBXBuildFile; fileRef = D7AF32E01D817D91006D09DF /* LaunchScreen.storyboard */; };
		D7AF32EA1D817E7B006D09DF /* SpriteKit.framework in Frameworks */ = {isa = PBXBuildFile; fileRef = D7AF32E91D817E7B006D09DF /* SpriteKit.framework */; };
		D7AF32EC1D8765D6006D09DF /* GameScene.swift in Sources */ = {isa = PBXBuildFile; fileRef = D7AF32EB1D8765D5006D09DF /* GameScene.swift */; };
/* End PBXBuildFile section */

/* Begin PBXFileReference section */
		D7AF32D41D817D91006D09DF /* FlappyBird.app */ = {isa = PBXFileReference; explicitFileType = wrapper.application; includeInIndex = 0; path = FlappyBird.app; sourceTree = BUILT_PRODUCTS_DIR; };
		D7AF32D71D817D91006D09DF /* AppDelegate.swift */ = {isa = PBXFileReference; lastKnownFileType = sourcecode.swift; path = AppDelegate.swift; sourceTree = "<group>"; };
		D7AF32D91D817D91006D09DF /* ViewController.swift */ = {isa = PBXFileReference; lastKnownFileType = sourcecode.swift; path = ViewController.swift; sourceTree = "<group>"; };
		D7AF32DC1D817D91006D09DF /* Base */ = {isa = PBXFileReference; lastKnownFileType = file.storyboard; name = Base; path = Base.lproj/Main.storyboard; sourceTree = "<group>"; };
		D7AF32DE1D817D91006D09DF /* Assets.xcassets */ = {isa = PBXFileReference; lastKnownFileType = folder.assetcatalog; path = Assets.xcassets; sourceTree = "<group>"; };
		D7AF32E11D817D91006D09DF /* Base */ = {isa = PBXFileReference; lastKnownFileType = file.storyboard; name = Base; path = Base.lproj/LaunchScreen.storyboard; sourceTree = "<group>"; };
		D7AF32E31D817D91006D09DF /* Info.plist */ = {isa = PBXFileReference; lastKnownFileType = text.plist.xml; path = Info.plist; sourceTree = "<group>"; };
		D7AF32E91D817E7B006D09DF /* SpriteKit.framework */ = {isa = PBXFileReference; lastKnownFileType = wrapper.framework; name = SpriteKit.framework; path = System/Library/Frameworks/SpriteKit.framework; sourceTree = SDKROOT; };
		D7AF32EB1D8765D5006D09DF /* GameScene.swift */ = {isa = PBXFileReference; fileEncoding = 4; lastKnownFileType = sourcecode.swift; path = GameScene.swift; sourceTree = "<group>"; };
/* End PBXFileReference section */

/* Begin PBXFrameworksBuildPhase section */
		D7AF32D11D817D91006D09DF /* Frameworks */ = {
			isa = PBXFrameworksBuildPhase;
			buildActionMask = 2147483647;
			files = (
				D7AF32EA1D817E7B006D09DF /* SpriteKit.framework in Frameworks */,
			);
			runOnlyForDeploymentPostprocessing = 0;
		};
/* End PBXFrameworksBuildPhase section */

/* Begin PBXGroup section */
		D7AF32CB1D817D91006D09DF = {
			isa = PBXGroup;
			children = (
				D7AF32E91D817E7B006D09DF /* SpriteKit.framework */,
				D7AF32D61D817D91006D09DF /* FlappyBird */,
				D7AF32D51D817D91006D09DF /* Products */,
			);
			sourceTree = "<group>";
		};
		D7AF32D51D817D91006D09DF /* Products */ = {
			isa = PBXGroup;
			children = (
				D7AF32D41D817D91006D09DF /* FlappyBird.app */,
			);
			name = Products;
			sourceTree = "<group>";
		};
		D7AF32D61D817D91006D09DF /* FlappyBird */ = {
			isa = PBXGroup;
			children = (
				D7AF32EB1D8765D5006D09DF /* GameScene.swift */,
				D7AF32D71D817D91006D09DF /* AppDelegate.swift */,
				D7AF32D91D817D91006D09DF /* ViewController.swift */,
				D7AF32DB1D817D91006D09DF /* Main.storyboard */,
				D7AF32DE1D817D91006D09DF /* Assets.xcassets */,
				D7AF32E01D817D91006D09DF /* LaunchScreen.storyboard */,
				D7AF32E31D817D91006D09DF /* Info.plist */,
			);
			path = FlappyBird;
			sourceTree = "<group>";
		};
/* End PBXGroup section */

/* Begin PBXNativeTarget section */
		D7AF32D31D817D91006D09DF /* FlappyBird */ = {
			isa = PBXNativeTarget;
			buildConfigurationList = D7AF32E61D817D91006D09DF /* Build configuration list for PBXNativeTarget "FlappyBird" */;
			buildPhases = (
				D7AF32D01D817D91006D09DF /* Sources */,
				D7AF32D11D817D91006D09DF /* Frameworks */,
				D7AF32D21D817D91006D09DF /* Resources */,
			);
			buildRules = (
			);
			dependencies = (
			);
			name = FlappyBird;
			productName = FlappyBird;
			productReference = D7AF32D41D817D91006D09DF /* FlappyBird.app */;
			productType = "com.apple.product-type.application";
		};
/* End PBXNativeTarget section */

/* Begin PBXProject section */
		D7AF32CC1D817D91006D09DF /* Project object */ = {
			isa = PBXProject;
			attributes = {
				LastSwiftUpdateCheck = 0730;
				LastUpgradeCheck = 0730;
				ORGANIZATIONNAME = Yushi;
				TargetAttributes = {
					D7AF32D31D817D91006D09DF = {
						CreatedOnToolsVersion = 7.3.1;
						DevelopmentTeam = N253LMJ3N3;
					};
				};
			};
			buildConfigurationList = D7AF32CF1D817D91006D09DF /* Build configuration list for PBXProject "FlappyBird" */;
			compatibilityVersion = "Xcode 3.2";
			developmentRegion = English;
			hasScannedForEncodings = 0;
			knownRegions = (
				en,
				Base,
			);
			mainGroup = D7AF32CB1D817D91006D09DF;
			productRefGroup = D7AF32D51D817D91006D09DF /* Products */;
			projectDirPath = "";
			projectRoot = "";
			targets = (
				D7AF32D31D817D91006D09DF /* FlappyBird */,
			);
		};
/* End PBXProject section */

/* Begin PBXResourcesBuildPhase section */
		D7AF32D21D817D91006D09DF /* Resources */ = {
			isa = PBXResourcesBuildPhase;
			buildActionMask = 2147483647;
			files = (
				D7AF32E21D817D91006D09DF /* LaunchScreen.storyboard in Resources */,
				D7AF32DF1D817D91006D09DF /* Assets.xcassets in Resources */,
				D7AF32DD1D817D91006D09DF /* Main.storyboard in Resources */,
			);
			runOnlyForDeploymentPostprocessing = 0;
		};
/* End PBXResourcesBuildPhase section */

/* Begin PBXSourcesBuildPhase section */
		D7AF32D01D817D91006D09DF /* Sources */ = {
			isa = PBXSourcesBuildPhase;
			buildActionMask = 2147483647;
			files = (
				D7AF32EC1D8765D6006D09DF /* GameScene.swift in Sources */,
				D7AF32DA1D817D91006D09DF /* ViewController.swift in Sources */,
				D7AF32D81D817D91006D09DF /* AppDelegate.swift in Sources */,
			);
			runOnlyForDeploymentPostprocessing = 0;
		};
/* End PBXSourcesBuildPhase section */

/* Begin PBXVariantGroup section */
		D7AF32DB1D817D91006D09DF /* Main.storyboard */ = {
			isa = PBXVariantGroup;
			children = (
				D7AF32DC1D817D91006D09DF /* Base */,
			);
			name = Main.storyboard;
			sourceTree = "<group>";
		};
		D7AF32E01D817D91006D09DF /* LaunchScreen.storyboard */ = {
			isa = PBXVariantGroup;
			children = (
				D7AF32E11D817D91006D09DF /* Base */,
			);
			name = LaunchScreen.storyboard;
			sourceTree = "<group>";
		};
/* End PBXVariantGroup section */

/* Begin XCBuildConfiguration section */
		D7AF32E41D817D91006D09DF /* Debug */ = {
			isa = XCBuildConfiguration;
			buildSettings = {
				ALWAYS_SEARCH_USER_PATHS = NO;
				CLANG_ANALYZER_NONNULL = YES;
				CLANG_CXX_LANGUAGE_STANDARD = "gnu++0x";
				CLANG_CXX_LIBRARY = "libc++";
				CLANG_ENABLE_MODULES = YES;
				CLANG_ENABLE_OBJC_ARC = YES;
				CLANG_WARN_BOOL_CONVERSION = YES;
				CLANG_WARN_CONSTANT_CONVERSION = YES;
				CLANG_WARN_DIRECT_OBJC_ISA_USAGE = YES_ERROR;
				CLANG_WARN_EMPTY_BODY = YES;
				CLANG_WARN_ENUM_CONVERSION = YES;
				CLANG_WARN_INT_CONVERSION = YES;
				CLANG_WARN_OBJC_ROOT_CLASS = YES_ERROR;
				CLANG_WARN_UNREACHABLE_CODE = YES;
				CLANG_WARN__DUPLICATE_METHOD_MATCH = YES;
				"CODE_SIGN_IDENTITY[sdk=iphoneos*]" = "iPhone Developer";
				COPY_PHASE_STRIP = NO;
				DEBUG_INFORMATION_FORMAT = dwarf;
				ENABLE_STRICT_OBJC_MSGSEND = YES;
				ENABLE_TESTABILITY = YES;
				GCC_C_LANGUAGE_STANDARD = gnu99;
				GCC_DYNAMIC_NO_PIC = NO;
				GCC_NO_COMMON_BLOCKS = YES;
				GCC_OPTIMIZATION_LEVEL = 0;
				GCC_PREPROCESSOR_DEFINITIONS = (
					"DEBUG=1",
					"$(inherited)",
				);
				GCC_WARN_64_TO_32_BIT_CONVERSION = YES;
				GCC_WARN_ABOUT_RETURN_TYPE = YES_ERROR;
				GCC_WARN_UNDECLARED_SELECTOR = YES;
				GCC_WARN_UNINITIALIZED_AUTOS = YES_AGGRESSIVE;
				GCC_WARN_UNUSED_FUNCTION = YES;
				GCC_WARN_UNUSED_VARIABLE = YES;
				IPHONEOS_DEPLOYMENT_TARGET = 9.3;
				MTL_ENABLE_DEBUG_INFO = YES;
				ONLY_ACTIVE_ARCH = YES;
				SDKROOT = iphoneos;
				SWIFT_OPTIMIZATION_LEVEL = "-Onone";
			};
			name = Debug;
		};
		D7AF32E51D817D91006D09DF /* Release */ = {
			isa = XCBuildConfiguration;
			buildSettings = {
				ALWAYS_SEARCH_USER_PATHS = NO;
				CLANG_ANALYZER_NONNULL = YES;
				CLANG_CXX_LANGUAGE_STANDARD = "gnu++0x";
				CLANG_CXX_LIBRARY = "libc++";
				CLANG_ENABLE_MODULES = YES;
				CLANG_ENABLE_OBJC_ARC = YES;
				CLANG_WARN_BOOL_CONVERSION = YES;
				CLANG_WARN_CONSTANT_CONVERSION = YES;
				CLANG_WARN_DIRECT_OBJC_ISA_USAGE = YES_ERROR;
				CLANG_WARN_EMPTY_BODY = YES;
				CLANG_WARN_ENUM_CONVERSION = YES;
				CLANG_WARN_INT_CONVERSION = YES;
				CLANG_WARN_OBJC_ROOT_CLASS = YES_ERROR;
				CLANG_WARN_UNREACHABLE_CODE = YES;
				CLANG_WARN__DUPLICATE_METHOD_MATCH = YES;
				"CODE_SIGN_IDENTITY[sdk=iphoneos*]" = "iPhone Developer";
				COPY_PHASE_STRIP = NO;
				DEBUG_INFORMATION_FORMAT = "dwarf-with-dsym";
				ENABLE_NS_ASSERTIONS = NO;
				ENABLE_STRICT_OBJC_MSGSEND = YES;
				GCC_C_LANGUAGE_STANDARD = gnu99;
				GCC_NO_COMMON_BLOCKS = YES;
				GCC_WARN_64_TO_32_BIT_CONVERSION = YES;
				GCC_WARN_ABOUT_RETURN_TYPE = YES_ERROR;
				GCC_WARN_UNDECLARED_SELECTOR = YES;
				GCC_WARN_UNINITIALIZED_AUTOS = YES_AGGRESSIVE;
				GCC_WARN_UNUSED_FUNCTION = YES;
				GCC_WARN_UNUSED_VARIABLE = YES;
				IPHONEOS_DEPLOYMENT_TARGET = 9.3;
				MTL_ENABLE_DEBUG_INFO = NO;
				SDKROOT = iphoneos;
				VALIDATE_PRODUCT = YES;
			};
			name = Release;
		};
		D7AF32E71D817D91006D09DF /* Debug */ = {
			isa = XCBuildConfiguration;
			buildSettings = {
				ASSETCATALOG_COMPILER_APPICON_NAME = AppIcon;
				CODE_SIGN_IDENTITY = "iPhone Developer";
				"CODE_SIGN_IDENTITY[sdk=iphoneos*]" = "iPhone Developer";
				INFOPLIST_FILE = FlappyBird/Info.plist;
				LD_RUNPATH_SEARCH_PATHS = "$(inherited) @executable_path/Frameworks";
				PRODUCT_BUNDLE_IDENTIFIER = jp.techacademy.yushi.tanabe.FlappyBird;
				PRODUCT_NAME = "$(TARGET_NAME)";
				PROVISIONING_PROFILE = "";
			};
			name = Debug;
		};
		D7AF32E81D817D91006D09DF /* Release */ = {
			isa = XCBuildConfiguration;
			buildSettings = {
				ASSETCATALOG_COMPILER_APPICON_NAME = AppIcon;
				CODE_SIGN_IDENTITY = "iPhone Developer";
				"CODE_SIGN_IDENTITY[sdk=iphoneos*]" = "iPhone Developer";
				INFOPLIST_FILE = FlappyBird/Info.plist;
				LD_RUNPATH_SEARCH_PATHS = "$(inherited) @executable_path/Frameworks";
				PRODUCT_BUNDLE_IDENTIFIER = jp.techacademy.yushi.tanabe.FlappyBird;
				PRODUCT_NAME = "$(TARGET_NAME)";
				PROVISIONING_PROFILE = "";
			};
			name = Release;
		};
/* End XCBuildConfiguration section */

/* Begin XCConfigurationList section */
		D7AF32CF1D817D91006D09DF /* Build configuration list for PBXProject "FlappyBird" */ = {
			isa = XCConfigurationList;
			buildConfigurations = (
				D7AF32E41D817D91006D09DF /* Debug */,
				D7AF32E51D817D91006D09DF /* Release */,
			);
			defaultConfigurationIsVisible = 0;
			defaultConfigurationName = Release;
		};
		D7AF32E61D817D91006D09DF /* Build configuration list for PBXNativeTarget "FlappyBird" */ = {
			isa = XCConfigurationList;
			buildConfigurations = (
				D7AF32E71D817D91006D09DF /* Debug */,
				D7AF32E81D817D91006D09DF /* Release */,
			);
			defaultConfigurationIsVisible = 0;
		};
/* End XCConfigurationList section */
	};
	rootObject = D7AF32CC1D817D91006D09DF /* Project object */;
}
